
Microsoft Visual Studio Solution File, Format Version 12.00
# Visual Studio Version 17
VisualStudioVersion = 17.3.32922.545
MinimumVisualStudioVersion = 10.0.40219.1
Project("{FAE04EC0-301F-11D3-BF4B-00C04F79EFBC}") = "WireShark_csv", "WireShark_csv.csproj", "{224B15E0-5269-424C-8409-F9596FD75E1E}"
EndProject
Global
	GlobalSection(SolutionConfigurationPlatforms) = preSolution
		Debug|Any CPU = Debug|Any CPU
		Release|Any CPU = Release|Any CPU
	EndGlobalSection
	GlobalSection(ProjectConfigurationPlatforms) = postSolution
		{224B15E0-5269-424C-8409-F9596FD75E1E}.Debug|Any CPU.ActiveCfg = Debug|Any CPU
		{224B15E0-5269-424C-8409-F9596FD75E1E}.Debug|Any CPU.Build.0 = Debug|Any CPU
		{224B15E0-5269-424C-8409-F9596FD75E1E}.Release|Any CPU.ActiveCfg = Release|Any CPU
		{224B15E0-5269-424C-8409-F9596FD75E1E}.Release|Any CPU.Build.0 = Release|Any CPU
	EndGlobalSection
	GlobalSection(SolutionProperties) = preSolution
		HideSolutionNode = FALSE
	EndGlobalSection
	GlobalSection(ExtensibilityGlobals) = postSolution
		SolutionGuid = {5FB7A63B-9F68-4813-945D-4F6EF2A8A3A9}
	EndGlobalSection
EndGlobal
