
Microsoft Visual Studio Solution File, Format Version 12.00
# Visual Studio Version 17
VisualStudioVersion = 17.3.32922.545
MinimumVisualStudioVersion = 10.0.40219.1
Project("{F184B08F-C81C-45F6-A57F-5ABD9991F28F}") = "HomeWork01_VB.net", "HomeWork01_VB.net.vbproj", "{BFAC1145-3BA6-4497-A868-554BF88C2314}"
EndProject
Global
	GlobalSection(SolutionConfigurationPlatforms) = preSolution
		Debug|Any CPU = Debug|Any CPU
		Release|Any CPU = Release|Any CPU
	EndGlobalSection
	GlobalSection(ProjectConfigurationPlatforms) = postSolution
		{BFAC1145-3BA6-4497-A868-554BF88C2314}.Debug|Any CPU.ActiveCfg = Debug|Any CPU
		{BFAC1145-3BA6-4497-A868-554BF88C2314}.Debug|Any CPU.Build.0 = Debug|Any CPU
		{BFAC1145-3BA6-4497-A868-554BF88C2314}.Release|Any CPU.ActiveCfg = Release|Any CPU
		{BFAC1145-3BA6-4497-A868-554BF88C2314}.Release|Any CPU.Build.0 = Release|Any CPU
	EndGlobalSection
	GlobalSection(SolutionProperties) = preSolution
		HideSolutionNode = FALSE
	EndGlobalSection
	GlobalSection(ExtensibilityGlobals) = postSolution
		SolutionGuid = {B29DDEB0-2F19-4A5F-80C2-B865CCE5A442}
	EndGlobalSection
EndGlobal
