
Microsoft Visual Studio Solution File, Format Version 12.00
# Visual Studio Version 17
VisualStudioVersion = 17.3.32922.545
MinimumVisualStudioVersion = 10.0.40219.1
Project("{F184B08F-C81C-45F6-A57F-5ABD9991F28F}") = "Random_Timer", "Random_Timer.vbproj", "{C49C489E-E3E6-409E-93E3-09F0A9F9CC03}"
EndProject
Global
	GlobalSection(SolutionConfigurationPlatforms) = preSolution
		Debug|Any CPU = Debug|Any CPU
		Release|Any CPU = Release|Any CPU
	EndGlobalSection
	GlobalSection(ProjectConfigurationPlatforms) = postSolution
		{C49C489E-E3E6-409E-93E3-09F0A9F9CC03}.Debug|Any CPU.ActiveCfg = Debug|Any CPU
		{C49C489E-E3E6-409E-93E3-09F0A9F9CC03}.Debug|Any CPU.Build.0 = Debug|Any CPU
		{C49C489E-E3E6-409E-93E3-09F0A9F9CC03}.Release|Any CPU.ActiveCfg = Release|Any CPU
		{C49C489E-E3E6-409E-93E3-09F0A9F9CC03}.Release|Any CPU.Build.0 = Release|Any CPU
	EndGlobalSection
	GlobalSection(SolutionProperties) = preSolution
		HideSolutionNode = FALSE
	EndGlobalSection
	GlobalSection(ExtensibilityGlobals) = postSolution
		SolutionGuid = {7C69D42B-4126-4CAC-B4A7-3B5C83399AD6}
	EndGlobalSection
EndGlobal
