
Microsoft Visual Studio Solution File, Format Version 12.00
# Visual Studio Version 17
VisualStudioVersion = 17.3.32922.545
MinimumVisualStudioVersion = 10.0.40219.1
Project("{FAE04EC0-301F-11D3-BF4B-00C04F79EFBC}") = "homework08-1", "homework08-1.csproj", "{FEC56F5B-63BE-445A-A30D-3289E382D703}"
EndProject
Global
	GlobalSection(SolutionConfigurationPlatforms) = preSolution
		Debug|Any CPU = Debug|Any CPU
		Release|Any CPU = Release|Any CPU
	EndGlobalSection
	GlobalSection(ProjectConfigurationPlatforms) = postSolution
		{FEC56F5B-63BE-445A-A30D-3289E382D703}.Debug|Any CPU.ActiveCfg = Debug|Any CPU
		{FEC56F5B-63BE-445A-A30D-3289E382D703}.Debug|Any CPU.Build.0 = Debug|Any CPU
		{FEC56F5B-63BE-445A-A30D-3289E382D703}.Release|Any CPU.ActiveCfg = Release|Any CPU
		{FEC56F5B-63BE-445A-A30D-3289E382D703}.Release|Any CPU.Build.0 = Release|Any CPU
	EndGlobalSection
	GlobalSection(SolutionProperties) = preSolution
		HideSolutionNode = FALSE
	EndGlobalSection
	GlobalSection(ExtensibilityGlobals) = postSolution
		SolutionGuid = {DF669511-3D4E-4B3A-A652-BBEBD28FA63A}
	EndGlobalSection
EndGlobal
