
Microsoft Visual Studio Solution File, Format Version 12.00
# Visual Studio Version 17
VisualStudioVersion = 17.3.32922.545
MinimumVisualStudioVersion = 10.0.40219.1
Project("{FAE04EC0-301F-11D3-BF4B-00C04F79EFBC}") = "homework05-resizableRectangle", "homework05-resizableRectangle.csproj", "{6497E3A9-E8D0-43BA-B5D5-8D34074217F7}"
EndProject
Global
	GlobalSection(SolutionConfigurationPlatforms) = preSolution
		Debug|Any CPU = Debug|Any CPU
		Release|Any CPU = Release|Any CPU
	EndGlobalSection
	GlobalSection(ProjectConfigurationPlatforms) = postSolution
		{6497E3A9-E8D0-43BA-B5D5-8D34074217F7}.Debug|Any CPU.ActiveCfg = Debug|Any CPU
		{6497E3A9-E8D0-43BA-B5D5-8D34074217F7}.Debug|Any CPU.Build.0 = Debug|Any CPU
		{6497E3A9-E8D0-43BA-B5D5-8D34074217F7}.Release|Any CPU.ActiveCfg = Release|Any CPU
		{6497E3A9-E8D0-43BA-B5D5-8D34074217F7}.Release|Any CPU.Build.0 = Release|Any CPU
	EndGlobalSection
	GlobalSection(SolutionProperties) = preSolution
		HideSolutionNode = FALSE
	EndGlobalSection
	GlobalSection(ExtensibilityGlobals) = postSolution
		SolutionGuid = {82E2C57C-3C52-49F5-91E2-581444716DFF}
	EndGlobalSection
EndGlobal
