
Microsoft Visual Studio Solution File, Format Version 12.00
# Visual Studio Version 17
VisualStudioVersion = 17.3.32922.545
MinimumVisualStudioVersion = 10.0.40219.1
Project("{FAE04EC0-301F-11D3-BF4B-00C04F79EFBC}") = "homework08-2", "homework08-2.csproj", "{DC1236CD-D8A3-437F-B533-A10C132F52A8}"
EndProject
Global
	GlobalSection(SolutionConfigurationPlatforms) = preSolution
		Debug|Any CPU = Debug|Any CPU
		Release|Any CPU = Release|Any CPU
	EndGlobalSection
	GlobalSection(ProjectConfigurationPlatforms) = postSolution
		{DC1236CD-D8A3-437F-B533-A10C132F52A8}.Debug|Any CPU.ActiveCfg = Debug|Any CPU
		{DC1236CD-D8A3-437F-B533-A10C132F52A8}.Debug|Any CPU.Build.0 = Debug|Any CPU
		{DC1236CD-D8A3-437F-B533-A10C132F52A8}.Release|Any CPU.ActiveCfg = Release|Any CPU
		{DC1236CD-D8A3-437F-B533-A10C132F52A8}.Release|Any CPU.Build.0 = Release|Any CPU
	EndGlobalSection
	GlobalSection(SolutionProperties) = preSolution
		HideSolutionNode = FALSE
	EndGlobalSection
	GlobalSection(ExtensibilityGlobals) = postSolution
		SolutionGuid = {8641D8EA-A86B-4395-85A8-D65C8AC4089F}
	EndGlobalSection
EndGlobal
