
Microsoft Visual Studio Solution File, Format Version 12.00
# Visual Studio Version 17
VisualStudioVersion = 17.3.32922.545
MinimumVisualStudioVersion = 10.0.40219.1
Project("{FAE04EC0-301F-11D3-BF4B-00C04F79EFBC}") = "MyFirstCSharpProgram", "MyFirstCSharpProgram.csproj", "{6357C854-916D-4942-82BE-B90D734052B8}"
EndProject
Global
	GlobalSection(SolutionConfigurationPlatforms) = preSolution
		Debug|Any CPU = Debug|Any CPU
		Release|Any CPU = Release|Any CPU
	EndGlobalSection
	GlobalSection(ProjectConfigurationPlatforms) = postSolution
		{6357C854-916D-4942-82BE-B90D734052B8}.Debug|Any CPU.ActiveCfg = Debug|Any CPU
		{6357C854-916D-4942-82BE-B90D734052B8}.Debug|Any CPU.Build.0 = Debug|Any CPU
		{6357C854-916D-4942-82BE-B90D734052B8}.Release|Any CPU.ActiveCfg = Release|Any CPU
		{6357C854-916D-4942-82BE-B90D734052B8}.Release|Any CPU.Build.0 = Release|Any CPU
	EndGlobalSection
	GlobalSection(SolutionProperties) = preSolution
		HideSolutionNode = FALSE
	EndGlobalSection
	GlobalSection(ExtensibilityGlobals) = postSolution
		SolutionGuid = {0C20A4A0-B3E3-4C45-A588-5588D3F4DA1E}
	EndGlobalSection
EndGlobal
