
Microsoft Visual Studio Solution File, Format Version 12.00
# Visual Studio Version 17
VisualStudioVersion = 17.3.32922.545
MinimumVisualStudioVersion = 10.0.40219.1
Project("{FAE04EC0-301F-11D3-BF4B-00C04F79EFBC}") = "HomeWork01_CSharp", "HomeWork01_CSharp.csproj", "{EDB18B97-C72B-439D-9BB5-C2749638F096}"
EndProject
Global
	GlobalSection(SolutionConfigurationPlatforms) = preSolution
		Debug|Any CPU = Debug|Any CPU
		Release|Any CPU = Release|Any CPU
	EndGlobalSection
	GlobalSection(ProjectConfigurationPlatforms) = postSolution
		{EDB18B97-C72B-439D-9BB5-C2749638F096}.Debug|Any CPU.ActiveCfg = Debug|Any CPU
		{EDB18B97-C72B-439D-9BB5-C2749638F096}.Debug|Any CPU.Build.0 = Debug|Any CPU
		{EDB18B97-C72B-439D-9BB5-C2749638F096}.Release|Any CPU.ActiveCfg = Release|Any CPU
		{EDB18B97-C72B-439D-9BB5-C2749638F096}.Release|Any CPU.Build.0 = Release|Any CPU
	EndGlobalSection
	GlobalSection(SolutionProperties) = preSolution
		HideSolutionNode = FALSE
	EndGlobalSection
	GlobalSection(ExtensibilityGlobals) = postSolution
		SolutionGuid = {14006E5B-F88B-4078-B41A-45DEF8218EB8}
	EndGlobalSection
EndGlobal
